// !$*UTF8*$!
{
	archiveVersion = 1;
	classes = {
	};
	objectVersion = 77;
	objects = {

/* Begin PBXBuildFile section */
		54024A182F9282C4005289A1 /* ReadinessModels.swift in Sources */ = {isa = PBXBuildFile; fileRef = 54024A172F9282BE005289A1 /* ReadinessModels.swift */; };
		54183CBF2FA65E3200069B5E /* SyncCoordinator.swift in Sources */ = {isa = PBXBuildFile; fileRef = 54183CBE2FA65E3200069B5E /* SyncCoordinator.swift */; };
		549CBCE32F92B0A000E89E91 /* DebugView.swift in Sources */ = {isa = PBXBuildFile; fileRef = 549CBCE22F92B09E00E89E91 /* DebugView.swift */; };
		549CBCE52F92B13500E89E91 /* DebugViewModel.swift in Sources */ = {isa = PBXBuildFile; fileRef = 549CBCE42F92B13200E89E91 /* DebugViewModel.swift */; };
		54E7D5682F842FCB002DD9D3 /* Assets.xcassets in Resources */ = {isa = PBXBuildFile; fileRef = 54E7D5582F842FCB002DD9D3 /* Assets.xcassets */; };
		54E7D5692F842FCB002DD9D3 /* SyncState.swift in Sources */ = {isa = PBXBuildFile; fileRef = 54E7D55D2F842FCB002DD9D3 /* SyncState.swift */; };
		54E7D56A2F842FCB002DD9D3 /* ContentView.swift in Sources */ = {isa = PBXBuildFile; fileRef = 54E7D5562F842FCB002DD9D3 /* ContentView.swift */; };
		54E7D56B2F842FCB002DD9D3 /* HealthKitAnchorStore.swift in Sources */ = {isa = PBXBuildFile; fileRef = 54E7D5632F842FCB002DD9D3 /* HealthKitAnchorStore.swift */; };
		54E7D56C2F842FCB002DD9D3 /* Notifications.swift in Sources */ = {isa = PBXBuildFile; fileRef = 54E7D5662F842FCB002DD9D3 /* Notifications.swift */; };
		54E7D56D2F842FCB002DD9D3 /* SyncStateStore.swift in Sources */ = {isa = PBXBuildFile; fileRef = 54E7D5642F842FCB002DD9D3 /* SyncStateStore.swift */; };
		54E7D56E2F842FCB002DD9D3 /* SyncService.swift in Sources */ = {isa = PBXBuildFile; fileRef = 54E7D5612F842FCB002DD9D3 /* SyncService.swift */; };
		54E7D56F2F842FCB002DD9D3 /* HealthSyncModels.swift in Sources */ = {isa = PBXBuildFile; fileRef = 54E7D55C2F842FCB002DD9D3 /* HealthSyncModels.swift */; };
		54E7D5702F842FCB002DD9D3 /* HumanEngineIOSApp.swift in Sources */ = {isa = PBXBuildFile; fileRef = 54E7D55A2F842FCB002DD9D3 /* HumanEngineIOSApp.swift */; };
		54E7D5712F842FCB002DD9D3 /* HealthKitService.swift in Sources */ = {isa = PBXBuildFile; fileRef = 54E7D5602F842FCB002DD9D3 /* HealthKitService.swift */; };
		54E7D5722F842FCB002DD9D3 /* APIClient.swift in Sources */ = {isa = PBXBuildFile; fileRef = 54E7D55F2F842FCB002DD9D3 /* APIClient.swift */; };
		54E7D5742F843153002DD9D3 /* HealthSamples.swift in Sources */ = {isa = PBXBuildFile; fileRef = 54E7D5732F84314E002DD9D3 /* HealthSamples.swift */; };
		54E7D5772F8436FC002DD9D3 /* ContentViewModel.swift in Sources */ = {isa = PBXBuildFile; fileRef = 54E7D5762F8436EF002DD9D3 /* ContentViewModel.swift */; };
		54E7D5792F844684002DD9D3 /* DateFormatters.swift in Sources */ = {isa = PBXBuildFile; fileRef = 54E7D5782F844681002DD9D3 /* DateFormatters.swift */; };
		54E7D57B2F844960002DD9D3 /* PermissionsSectionView.swift in Sources */ = {isa = PBXBuildFile; fileRef = 54E7D57A2F84495E002DD9D3 /* PermissionsSectionView.swift */; };
		54E7D57D2F844980002DD9D3 /* PayloadPreviewSectionView.swift in Sources */ = {isa = PBXBuildFile; fileRef = 54E7D57C2F84497E002DD9D3 /* PayloadPreviewSectionView.swift */; };
		54E7D5802F844A78002DD9D3 /* WeightSectionView.swift in Sources */ = {isa = PBXBuildFile; fileRef = 54E7D57F2F844A75002DD9D3 /* WeightSectionView.swift */; };
		54E7D5822F844B13002DD9D3 /* RestingHRSectionView.swift in Sources */ = {isa = PBXBuildFile; fileRef = 54E7D5812F844B10002DD9D3 /* RestingHRSectionView.swift */; };
		54E7D5842F844B57002DD9D3 /* HRVSectionView.swift in Sources */ = {isa = PBXBuildFile; fileRef = 54E7D5832F844B55002DD9D3 /* HRVSectionView.swift */; };
		54E7D5862F844B83002DD9D3 /* SleepNightAggregatesSectionView.swift in Sources */ = {isa = PBXBuildFile; fileRef = 54E7D5852F844B80002DD9D3 /* SleepNightAggregatesSectionView.swift */; };
		54E7D5882F844BBB002DD9D3 /* SleepSamplesSectionView.swift in Sources */ = {isa = PBXBuildFile; fileRef = 54E7D5872F844BB9002DD9D3 /* SleepSamplesSectionView.swift */; };
		54F0B38C2FF9698A00A6FF43 /* DesignSystem.swift in Sources */ = {isa = PBXBuildFile; fileRef = 54F0B38B2FF9698A00A6FF43 /* DesignSystem.swift */; };
		54F0B38E2FF9699F00A6FF43 /* DashboardComponents.swift in Sources */ = {isa = PBXBuildFile; fileRef = 54F0B38D2FF9699F00A6FF43 /* DashboardComponents.swift */; };
/* End PBXBuildFile section */

/* Begin PBXFileReference section */
		54024A172F9282BE005289A1 /* ReadinessModels.swift */ = {isa = PBXFileReference; lastKnownFileType = sourcecode.swift; path = ReadinessModels.swift; sourceTree = "<group>"; };
		5410D5A02F82E9290074C0EF /* HumanEngineIOS.app */ = {isa = PBXFileReference; explicitFileType = wrapper.application; includeInIndex = 0; path = HumanEngineIOS.app; sourceTree = BUILT_PRODUCTS_DIR; };
		54183CBE2FA65E3200069B5E /* SyncCoordinator.swift */ = {isa = PBXFileReference; lastKnownFileType = sourcecode.swift; path = SyncCoordinator.swift; sourceTree = "<group>"; };
		549CBCE22F92B09E00E89E91 /* DebugView.swift */ = {isa = PBXFileReference; lastKnownFileType = sourcecode.swift; path = DebugView.swift; sourceTree = "<group>"; };
		549CBCE42F92B13200E89E91 /* DebugViewModel.swift */ = {isa = PBXFileReference; lastKnownFileType = sourcecode.swift; path = DebugViewModel.swift; sourceTree = "<group>"; };
		54E7D5562F842FCB002DD9D3 /* ContentView.swift */ = {isa = PBXFileReference; lastKnownFileType = sourcecode.swift; path = ContentView.swift; sourceTree = "<group>"; };
		54E7D5582F842FCB002DD9D3 /* Assets.xcassets */ = {isa = PBXFileReference; lastKnownFileType = folder.assetcatalog; path = Assets.xcassets; sourceTree = "<group>"; };
		54E7D5592F842FCB002DD9D3 /* HumanEngineIOS.entitlements */ = {isa = PBXFileReference; lastKnownFileType = text.plist.entitlements; path = HumanEngineIOS.entitlements; sourceTree = "<group>"; };
		54E7D55A2F842FCB002DD9D3 /* HumanEngineIOSApp.swift */ = {isa = PBXFileReference; lastKnownFileType = sourcecode.swift; path = HumanEngineIOSApp.swift; sourceTree = "<group>"; };
		54E7D55C2F842FCB002DD9D3 /* HealthSyncModels.swift */ = {isa = PBXFileReference; lastKnownFileType = sourcecode.swift; path = HealthSyncModels.swift; sourceTree = "<group>"; };
		54E7D55D2F842FCB002DD9D3 /* SyncState.swift */ = {isa = PBXFileReference; lastKnownFileType = sourcecode.swift; path = SyncState.swift; sourceTree = "<group>"; };
		54E7D55F2F842FCB002DD9D3 /* APIClient.swift */ = {isa = PBXFileReference; lastKnownFileType = sourcecode.swift; path = APIClient.swift; sourceTree = "<group>"; };
		54E7D5602F842FCB002DD9D3 /* HealthKitService.swift */ = {isa = PBXFileReference; lastKnownFileType = sourcecode.swift; path = HealthKitService.swift; sourceTree = "<group>"; };
		54E7D5612F842FCB002DD9D3 /* SyncService.swift */ = {isa = PBXFileReference; lastKnownFileType = sourcecode.swift; path = SyncService.swift; sourceTree = "<group>"; };
		54E7D5632F842FCB002DD9D3 /* HealthKitAnchorStore.swift */ = {isa = PBXFileReference; lastKnownFileType = sourcecode.swift; path = HealthKitAnchorStore.swift; sourceTree = "<group>"; };
		54E7D5642F842FCB002DD9D3 /* SyncStateStore.swift */ = {isa = PBXFileReference; lastKnownFileType = sourcecode.swift; path = SyncStateStore.swift; sourceTree = "<group>"; };
		54E7D5662F842FCB002DD9D3 /* Notifications.swift */ = {isa = PBXFileReference; lastKnownFileType = sourcecode.swift; path = Notifications.swift; sourceTree = "<group>"; };
		54E7D5732F84314E002DD9D3 /* HealthSamples.swift */ = {isa = PBXFileReference; lastKnownFileType = sourcecode.swift; path = HealthSamples.swift; sourceTree = "<group>"; };
		54E7D5762F8436EF002DD9D3 /* ContentViewModel.swift */ = {isa = PBXFileReference; lastKnownFileType = sourcecode.swift; path = ContentViewModel.swift; sourceTree = "<group>"; };
		54E7D5782F844681002DD9D3 /* DateFormatters.swift */ = {isa = PBXFileReference; lastKnownFileType = sourcecode.swift; path = DateFormatters.swift; sourceTree = "<group>"; };
		54E7D57A2F84495E002DD9D3 /* PermissionsSectionView.swift */ = {isa = PBXFileReference; lastKnownFileType = sourcecode.swift; path = PermissionsSectionView.swift; sourceTree = "<group>"; };
		54E7D57C2F84497E002DD9D3 /* PayloadPreviewSectionView.swift */ = {isa = PBXFileReference; lastKnownFileType = sourcecode.swift; path = PayloadPreviewSectionView.swift; sourceTree = "<group>"; };
		54E7D57F2F844A75002DD9D3 /* WeightSectionView.swift */ = {isa = PBXFileReference; lastKnownFileType = sourcecode.swift; path = WeightSectionView.swift; sourceTree = "<group>"; };
		54E7D5812F844B10002DD9D3 /* RestingHRSectionView.swift */ = {isa = PBXFileReference; lastKnownFileType = sourcecode.swift; path = RestingHRSectionView.swift; sourceTree = "<group>"; };
		54E7D5832F844B55002DD9D3 /* HRVSectionView.swift */ = {isa = PBXFileReference; lastKnownFileType = sourcecode.swift; path = HRVSectionView.swift; sourceTree = "<group>"; };
		54E7D5852F844B80002DD9D3 /* SleepNightAggregatesSectionView.swift */ = {isa = PBXFileReference; lastKnownFileType = sourcecode.swift; path = SleepNightAggregatesSectionView.swift; sourceTree = "<group>"; };
		54E7D5872F844BB9002DD9D3 /* SleepSamplesSectionView.swift */ = {isa = PBXFileReference; lastKnownFileType = sourcecode.swift; path = SleepSamplesSectionView.swift; sourceTree = "<group>"; };
		54F0B38B2FF9698A00A6FF43 /* DesignSystem.swift */ = {isa = PBXFileReference; lastKnownFileType = sourcecode.swift; path = DesignSystem.swift; sourceTree = "<group>"; };
		54F0B38D2FF9699F00A6FF43 /* DashboardComponents.swift */ = {isa = PBXFileReference; lastKnownFileType = sourcecode.swift; path = DashboardComponents.swift; sourceTree = "<group>"; };
/* End PBXFileReference section */

/* Begin PBXFrameworksBuildPhase section */
		5410D59D2F82E9290074C0EF /* Frameworks */ = {
			isa = PBXFrameworksBuildPhase;
			buildActionMask = 2147483647;
			files = (
			);
			runOnlyForDeploymentPostprocessing = 0;
		};
/* End PBXFrameworksBuildPhase section */

/* Begin PBXGroup section */
		5410D5972F82E9290074C0EF = {
			isa = PBXGroup;
			children = (
				54E7D5572F842FCB002DD9D3 /* Features */,
				54E7D55B2F842FCB002DD9D3 /* App */,
				54E7D55E2F842FCB002DD9D3 /* Models */,
				54E7D5622F842FCB002DD9D3 /* Services */,
				54E7D5652F842FCB002DD9D3 /* Stores */,
				54E7D5672F842FCB002DD9D3 /* Support */,
				5410D5A12F82E9290074C0EF /* Products */,
			);
			sourceTree = "<group>";
		};
		5410D5A12F82E9290074C0EF /* Products */ = {
			isa = PBXGroup;
			children = (
				5410D5A02F82E9290074C0EF /* HumanEngineIOS.app */,
			);
			name = Products;
			sourceTree = "<group>";
		};
		54E7D5572F842FCB002DD9D3 /* Features */ = {
			isa = PBXGroup;
			children = (
				54E7D5752F8436D3002DD9D3 /* Dashboard */,
				54E7D5562F842FCB002DD9D3 /* ContentView.swift */,
			);
			path = Features;
			sourceTree = "<group>";
		};
		54E7D55B2F842FCB002DD9D3 /* App */ = {
			isa = PBXGroup;
			children = (
				54E7D5582F842FCB002DD9D3 /* Assets.xcassets */,
				54E7D5592F842FCB002DD9D3 /* HumanEngineIOS.entitlements */,
				54E7D55A2F842FCB002DD9D3 /* HumanEngineIOSApp.swift */,
			);
			path = App;
			sourceTree = "<group>";
		};
		54E7D55E2F842FCB002DD9D3 /* Models */ = {
			isa = PBXGroup;
			children = (
				54024A172F9282BE005289A1 /* ReadinessModels.swift */,
				54E7D5732F84314E002DD9D3 /* HealthSamples.swift */,
				54E7D55C2F842FCB002DD9D3 /* HealthSyncModels.swift */,
				54E7D55D2F842FCB002DD9D3 /* SyncState.swift */,
			);
			path = Models;
			sourceTree = "<group>";
		};
		54E7D5622F842FCB002DD9D3 /* Services */ = {
			isa = PBXGroup;
			children = (
				54E7D55F2F842FCB002DD9D3 /* APIClient.swift */,
				54E7D5602F842FCB002DD9D3 /* HealthKitService.swift */,
				54E7D5612F842FCB002DD9D3 /* SyncService.swift */,
				54183CBE2FA65E3200069B5E /* SyncCoordinator.swift */,
			);
			path = Services;
			sourceTree = "<group>";
		};
		54E7D5652F842FCB002DD9D3 /* Stores */ = {
			isa = PBXGroup;
			children = (
				54E7D5632F842FCB002DD9D3 /* HealthKitAnchorStore.swift */,
				54E7D5642F842FCB002DD9D3 /* SyncStateStore.swift */,
			);
			path = Stores;
			sourceTree = "<group>";
		};
		54E7D5672F842FCB002DD9D3 /* Support */ = {
			isa = PBXGroup;
			children = (
				54E7D5782F844681002DD9D3 /* DateFormatters.swift */,
				54E7D5662F842FCB002DD9D3 /* Notifications.swift */,
				54F0B38B2FF9698A00A6FF43 /* DesignSystem.swift */,
			);
			path = Support;
			sourceTree = "<group>";
		};
		54E7D5752F8436D3002DD9D3 /* Dashboard */ = {
			isa = PBXGroup;
			children = (
				549CBCE42F92B13200E89E91 /* DebugViewModel.swift */,
				54E7D5762F8436EF002DD9D3 /* ContentViewModel.swift */,
				54E7D57E2F844A45002DD9D3 /* View */,
			);
			path = Dashboard;
			sourceTree = "<group>";
		};
		54E7D57E2F844A45002DD9D3 /* View */ = {
			isa = PBXGroup;
			children = (
				549CBCE22F92B09E00E89E91 /* DebugView.swift */,
				54E7D5872F844BB9002DD9D3 /* SleepSamplesSectionView.swift */,
				54E7D5852F844B80002DD9D3 /* SleepNightAggregatesSectionView.swift */,
				54E7D5832F844B55002DD9D3 /* HRVSectionView.swift */,
				54E7D5812F844B10002DD9D3 /* RestingHRSectionView.swift */,
				54E7D57F2F844A75002DD9D3 /* WeightSectionView.swift */,
				54E7D57A2F84495E002DD9D3 /* PermissionsSectionView.swift */,
				54E7D57C2F84497E002DD9D3 /* PayloadPreviewSectionView.swift */,
				54F0B38D2FF9699F00A6FF43 /* DashboardComponents.swift */,
			);
			path = View;
			sourceTree = "<group>";
		};
/* End PBXGroup section */

/* Begin PBXNativeTarget section */
		5410D59F2F82E9290074C0EF /* HumanEngineIOS */ = {
			isa = PBXNativeTarget;
			buildConfigurationList = 5410D5AB2F82E92A0074C0EF /* Build configuration list for PBXNativeTarget "HumanEngineIOS" */;
			buildPhases = (
				5410D59C2F82E9290074C0EF /* Sources */,
				5410D59D2F82E9290074C0EF /* Frameworks */,
				5410D59E2F82E9290074C0EF /* Resources */,
			);
			buildRules = (
			);
			dependencies = (
			);
			name = HumanEngineIOS;
			packageProductDependencies = (
			);
			productName = HumanEngineIOS;
			productReference = 5410D5A02F82E9290074C0EF /* HumanEngineIOS.app */;
			productType = "com.apple.product-type.application";
		};
/* End PBXNativeTarget section */

/* Begin PBXProject section */
		5410D5982F82E9290074C0EF /* Project object */ = {
			isa = PBXProject;
			attributes = {
				BuildIndependentTargetsInParallel = 1;
				LastSwiftUpdateCheck = 2640;
				LastUpgradeCheck = 2660;
				TargetAttributes = {
					5410D59F2F82E9290074C0EF = {
						CreatedOnToolsVersion = 26.4;
					};
				};
			};
			buildConfigurationList = 5410D59B2F82E9290074C0EF /* Build configuration list for PBXProject "HumanEngineIOS" */;
			developmentRegion = en;
			hasScannedForEncodings = 0;
			knownRegions = (
				en,
				Base,
			);
			mainGroup = 5410D5972F82E9290074C0EF;
			minimizedProjectReferenceProxies = 1;
			preferredProjectObjectVersion = 77;
			productRefGroup = 5410D5A12F82E9290074C0EF /* Products */;
			projectDirPath = "";
			projectRoot = "";
			targets = (
				5410D59F2F82E9290074C0EF /* HumanEngineIOS */,
			);
		};
/* End PBXProject section */

/* Begin PBXResourcesBuildPhase section */
		5410D59E2F82E9290074C0EF /* Resources */ = {
			isa = PBXResourcesBuildPhase;
			buildActionMask = 2147483647;
			files = (
				54E7D5682F842FCB002DD9D3 /* Assets.xcassets in Resources */,
			);
			runOnlyForDeploymentPostprocessing = 0;
		};
/* End PBXResourcesBuildPhase section */

/* Begin PBXSourcesBuildPhase section */
		5410D59C2F82E9290074C0EF /* Sources */ = {
			isa = PBXSourcesBuildPhase;
			buildActionMask = 2147483647;
			files = (
				54024A182F9282C4005289A1 /* ReadinessModels.swift in Sources */,
				54F0B38C2FF9698A00A6FF43 /* DesignSystem.swift in Sources */,
				54E7D5692F842FCB002DD9D3 /* SyncState.swift in Sources */,
				54E7D5742F843153002DD9D3 /* HealthSamples.swift in Sources */,
				54E7D57D2F844980002DD9D3 /* PayloadPreviewSectionView.swift in Sources */,
				54E7D56A2F842FCB002DD9D3 /* ContentView.swift in Sources */,
				54F0B38E2FF9699F00A6FF43 /* DashboardComponents.swift in Sources */,
				54E7D5862F844B83002DD9D3 /* SleepNightAggregatesSectionView.swift in Sources */,
				54E7D57B2F844960002DD9D3 /* PermissionsSectionView.swift in Sources */,
				54E7D5792F844684002DD9D3 /* DateFormatters.swift in Sources */,
				54E7D56B2F842FCB002DD9D3 /* HealthKitAnchorStore.swift in Sources */,
				54183CBF2FA65E3200069B5E /* SyncCoordinator.swift in Sources */,
				54E7D56C2F842FCB002DD9D3 /* Notifications.swift in Sources */,
				549CBCE32F92B0A000E89E91 /* DebugView.swift in Sources */,
				54E7D56D2F842FCB002DD9D3 /* SyncStateStore.swift in Sources */,
				54E7D5882F844BBB002DD9D3 /* SleepSamplesSectionView.swift in Sources */,
				54E7D56E2F842FCB002DD9D3 /* SyncService.swift in Sources */,
				54E7D5802F844A78002DD9D3 /* WeightSectionView.swift in Sources */,
				54E7D5842F844B57002DD9D3 /* HRVSectionView.swift in Sources */,
				54E7D56F2F842FCB002DD9D3 /* HealthSyncModels.swift in Sources */,
				54E7D5772F8436FC002DD9D3 /* ContentViewModel.swift in Sources */,
				54E7D5702F842FCB002DD9D3 /* HumanEngineIOSApp.swift in Sources */,
				54E7D5822F844B13002DD9D3 /* RestingHRSectionView.swift in Sources */,
				54E7D5712F842FCB002DD9D3 /* HealthKitService.swift in Sources */,
				54E7D5722F842FCB002DD9D3 /* APIClient.swift in Sources */,
				549CBCE52F92B13500E89E91 /* DebugViewModel.swift in Sources */,
			);
			runOnlyForDeploymentPostprocessing = 0;
		};
/* End PBXSourcesBuildPhase section */

/* Begin XCBuildConfiguration section */
		5410D5A92F82E92A0074C0EF /* Debug */ = {
			isa = XCBuildConfiguration;
			buildSettings = {
				ALWAYS_SEARCH_USER_PATHS = NO;
				ASSETCATALOG_COMPILER_GENERATE_SWIFT_ASSET_SYMBOL_EXTENSIONS = YES;
				CLANG_ANALYZER_NONNULL = YES;
				CLANG_ANALYZER_NUMBER_OBJECT_CONVERSION = YES_AGGRESSIVE;
				CLANG_CXX_LANGUAGE_STANDARD = "gnu++20";
				CLANG_ENABLE_MODULES = YES;
				CLANG_ENABLE_OBJC_ARC = YES;
				CLANG_ENABLE_OBJC_WEAK = YES;
				CLANG_WARN_BLOCK_CAPTURE_AUTORELEASING = YES;
				CLANG_WARN_BOOL_CONVERSION = YES;
				CLANG_WARN_COMMA = YES;
				CLANG_WARN_CONSTANT_CONVERSION = YES;
				CLANG_WARN_DEPRECATED_OBJC_IMPLEMENTATIONS = YES;
				CLANG_WARN_DIRECT_OBJC_ISA_USAGE = YES_ERROR;
				CLANG_WARN_DOCUMENTATION_COMMENTS = YES;
				CLANG_WARN_EMPTY_BODY = YES;
				CLANG_WARN_ENUM_CONVERSION = YES;
				CLANG_WARN_INFINITE_RECURSION = YES;
				CLANG_WARN_INT_CONVERSION = YES;
				CLANG_WARN_NON_LITERAL_NULL_CONVERSION = YES;
				CLANG_WARN_OBJC_IMPLICIT_RETAIN_SELF = YES;
				CLANG_WARN_OBJC_LITERAL_CONVERSION = YES;
				CLANG_WARN_OBJC_ROOT_CLASS = YES_ERROR;
				CLANG_WARN_QUOTED_INCLUDE_IN_FRAMEWORK_HEADER = YES;
				CLANG_WARN_RANGE_LOOP_ANALYSIS = YES;
				CLANG_WARN_STRICT_PROTOTYPES = YES;
				CLANG_WARN_SUSPICIOUS_MOVE = YES;
				CLANG_WARN_UNGUARDED_AVAILABILITY = YES_AGGRESSIVE;
				CLANG_WARN_UNREACHABLE_CODE = YES;
				CLANG_WARN__DUPLICATE_METHOD_MATCH = YES;
				COPY_PHASE_STRIP = NO;
				DEBUG_INFORMATION_FORMAT = dwarf;
				DEVELOPMENT_TEAM = LX9UB7FZRL;
				ENABLE_STRICT_OBJC_MSGSEND = YES;
				ENABLE_TESTABILITY = YES;
				ENABLE_USER_SCRIPT_SANDBOXING = YES;
				GCC_C_LANGUAGE_STANDARD = gnu17;
				GCC_DYNAMIC_NO_PIC = NO;
				GCC_NO_COMMON_BLOCKS = YES;
				GCC_OPTIMIZATION_LEVEL = 0;
				GCC_PREPROCESSOR_DEFINITIONS = (
					"DEBUG=1",
					"$(inherited)",
				);
				GCC_WARN_64_TO_32_BIT_CONVERSION = YES;
				GCC_WARN_ABOUT_RETURN_TYPE = YES_ERROR;
				GCC_WARN_UNDECLARED_SELECTOR = YES;
				GCC_WARN_UNINITIALIZED_AUTOS = YES_AGGRESSIVE;
				GCC_WARN_UNUSED_FUNCTION = YES;
				GCC_WARN_UNUSED_VARIABLE = YES;
				IPHONEOS_DEPLOYMENT_TARGET = 26.4;
				LOCALIZATION_PREFERS_STRING_CATALOGS = YES;
				MTL_ENABLE_DEBUG_INFO = INCLUDE_SOURCE;
				MTL_FAST_MATH = YES;
				ONLY_ACTIVE_ARCH = YES;
				SDKROOT = iphoneos;
				STRING_CATALOG_GENERATE_SYMBOLS = YES;
				SWIFT_ACTIVE_COMPILATION_CONDITIONS = "DEBUG $(inherited)";
				SWIFT_OPTIMIZATION_LEVEL = "-Onone";
			};
			name = Debug;
		};
		5410D5AA2F82E92A0074C0EF /* Release */ = {
			isa = XCBuildConfiguration;
			buildSettings = {
				ALWAYS_SEARCH_USER_PATHS = NO;
				ASSETCATALOG_COMPILER_GENERATE_SWIFT_ASSET_SYMBOL_EXTENSIONS = YES;
				CLANG_ANALYZER_NONNULL = YES;
				CLANG_ANALYZER_NUMBER_OBJECT_CONVERSION = YES_AGGRESSIVE;
				CLANG_CXX_LANGUAGE_STANDARD = "gnu++20";
				CLANG_ENABLE_MODULES = YES;
				CLANG_ENABLE_OBJC_ARC = YES;
				CLANG_ENABLE_OBJC_WEAK = YES;
				CLANG_WARN_BLOCK_CAPTURE_AUTORELEASING = YES;
				CLANG_WARN_BOOL_CONVERSION = YES;
				CLANG_WARN_COMMA = YES;
				CLANG_WARN_CONSTANT_CONVERSION = YES;
				CLANG_WARN_DEPRECATED_OBJC_IMPLEMENTATIONS = YES;
				CLANG_WARN_DIRECT_OBJC_ISA_USAGE = YES_ERROR;
				CLANG_WARN_DOCUMENTATION_COMMENTS = YES;
				CLANG_WARN_EMPTY_BODY = YES;
				CLANG_WARN_ENUM_CONVERSION = YES;
				CLANG_WARN_INFINITE_RECURSION = YES;
				CLANG_WARN_INT_CONVERSION = YES;
				CLANG_WARN_NON_LITERAL_NULL_CONVERSION = YES;
				CLANG_WARN_OBJC_IMPLICIT_RETAIN_SELF = YES;
				CLANG_WARN_OBJC_LITERAL_CONVERSION = YES;
				CLANG_WARN_OBJC_ROOT_CLASS = YES_ERROR;
				CLANG_WARN_QUOTED_INCLUDE_IN_FRAMEWORK_HEADER = YES;
				CLANG_WARN_RANGE_LOOP_ANALYSIS = YES;
				CLANG_WARN_STRICT_PROTOTYPES = YES;
				CLANG_WARN_SUSPICIOUS_MOVE = YES;
				CLANG_WARN_UNGUARDED_AVAILABILITY = YES_AGGRESSIVE;
				CLANG_WARN_UNREACHABLE_CODE = YES;
				CLANG_WARN__DUPLICATE_METHOD_MATCH = YES;
				COPY_PHASE_STRIP = NO;
				DEBUG_INFORMATION_FORMAT = "dwarf-with-dsym";
				DEVELOPMENT_TEAM = LX9UB7FZRL;
				ENABLE_NS_ASSERTIONS = NO;
				ENABLE_STRICT_OBJC_MSGSEND = YES;
				ENABLE_USER_SCRIPT_SANDBOXING = YES;
				GCC_C_LANGUAGE_STANDARD = gnu17;
				GCC_NO_COMMON_BLOCKS = YES;
				GCC_WARN_64_TO_32_BIT_CONVERSION = YES;
				GCC_WARN_ABOUT_RETURN_TYPE = YES_ERROR;
				GCC_WARN_UNDECLARED_SELECTOR = YES;
				GCC_WARN_UNINITIALIZED_AUTOS = YES_AGGRESSIVE;
				GCC_WARN_UNUSED_FUNCTION = YES;
				GCC_WARN_UNUSED_VARIABLE = YES;
				IPHONEOS_DEPLOYMENT_TARGET = 26.4;
				LOCALIZATION_PREFERS_STRING_CATALOGS = YES;
				MTL_ENABLE_DEBUG_INFO = NO;
				MTL_FAST_MATH = YES;
				SDKROOT = iphoneos;
				STRING_CATALOG_GENERATE_SYMBOLS = YES;
				SWIFT_COMPILATION_MODE = wholemodule;
				VALIDATE_PRODUCT = YES;
			};
			name = Release;
		};
		5410D5AC2F82E92A0074C0EF /* Debug */ = {
			isa = XCBuildConfiguration;
			buildSettings = {
				ASSETCATALOG_COMPILER_APPICON_NAME = AppIcon;
				ASSETCATALOG_COMPILER_GLOBAL_ACCENT_COLOR_NAME = AccentColor;
				CODE_SIGN_ENTITLEMENTS = App/HumanEngineIOS.entitlements;
				CODE_SIGN_STYLE = Automatic;
				CURRENT_PROJECT_VERSION = 1;
				ENABLE_PREVIEWS = YES;
				GENERATE_INFOPLIST_FILE = YES;
				INFOPLIST_KEY_NSHealthShareUsageDescription = "Human Engine reads sleep, HRV, resting heart rate, and weight data to sync recovery metrics with your account.";
				INFOPLIST_KEY_UIApplicationSceneManifest_Generation = YES;
				INFOPLIST_KEY_UIApplicationSupportsIndirectInputEvents = YES;
				INFOPLIST_KEY_UILaunchScreen_Generation = YES;
				INFOPLIST_KEY_UISupportedInterfaceOrientations_iPad = "UIInterfaceOrientationPortrait UIInterfaceOrientationPortraitUpsideDown UIInterfaceOrientationLandscapeLeft UIInterfaceOrientationLandscapeRight";
				INFOPLIST_KEY_UISupportedInterfaceOrientations_iPhone = "UIInterfaceOrientationPortrait UIInterfaceOrientationLandscapeLeft UIInterfaceOrientationLandscapeRight";
				LD_RUNPATH_SEARCH_PATHS = (
					"$(inherited)",
					"@executable_path/Frameworks",
				);
				MARKETING_VERSION = 1.0;
				PRODUCT_BUNDLE_IDENTIFIER = com.shchukins.humanengine;
				PRODUCT_NAME = "$(TARGET_NAME)";
				STRING_CATALOG_GENERATE_SYMBOLS = YES;
				SWIFT_APPROACHABLE_CONCURRENCY = YES;
				SWIFT_DEFAULT_ACTOR_ISOLATION = MainActor;
				SWIFT_EMIT_LOC_STRINGS = YES;
				SWIFT_UPCOMING_FEATURE_MEMBER_IMPORT_VISIBILITY = YES;
				SWIFT_VERSION = 5.0;
				TARGETED_DEVICE_FAMILY = "1,2";
			};
			name = Debug;
		};
		5410D5AD2F82E92A0074C0EF /* Release */ = {
			isa = XCBuildConfiguration;
			buildSettings = {
				ASSETCATALOG_COMPILER_APPICON_NAME = AppIcon;
				ASSETCATALOG_COMPILER_GLOBAL_ACCENT_COLOR_NAME = AccentColor;
				CODE_SIGN_ENTITLEMENTS = App/HumanEngineIOS.entitlements;
				CODE_SIGN_STYLE = Automatic;
				CURRENT_PROJECT_VERSION = 1;
				ENABLE_PREVIEWS = YES;
				GENERATE_INFOPLIST_FILE = YES;
				INFOPLIST_KEY_NSHealthShareUsageDescription = "Human Engine reads sleep, HRV, resting heart rate, and weight data to sync recovery metrics with your account.";
				INFOPLIST_KEY_UIApplicationSceneManifest_Generation = YES;
				INFOPLIST_KEY_UIApplicationSupportsIndirectInputEvents = YES;
				INFOPLIST_KEY_UILaunchScreen_Generation = YES;
				INFOPLIST_KEY_UISupportedInterfaceOrientations_iPad = "UIInterfaceOrientationPortrait UIInterfaceOrientationPortraitUpsideDown UIInterfaceOrientationLandscapeLeft UIInterfaceOrientationLandscapeRight";
				INFOPLIST_KEY_UISupportedInterfaceOrientations_iPhone = "UIInterfaceOrientationPortrait UIInterfaceOrientationLandscapeLeft UIInterfaceOrientationLandscapeRight";
				LD_RUNPATH_SEARCH_PATHS = (
					"$(inherited)",
					"@executable_path/Frameworks",
				);
				MARKETING_VERSION = 1.0;
				PRODUCT_BUNDLE_IDENTIFIER = com.shchukins.humanengine;
				PRODUCT_NAME = "$(TARGET_NAME)";
				STRING_CATALOG_GENERATE_SYMBOLS = YES;
				SWIFT_APPROACHABLE_CONCURRENCY = YES;
				SWIFT_DEFAULT_ACTOR_ISOLATION = MainActor;
				SWIFT_EMIT_LOC_STRINGS = YES;
				SWIFT_UPCOMING_FEATURE_MEMBER_IMPORT_VISIBILITY = YES;
				SWIFT_VERSION = 5.0;
				TARGETED_DEVICE_FAMILY = "1,2";
			};
			name = Release;
		};
/* End XCBuildConfiguration section */

/* Begin XCConfigurationList section */
		5410D59B2F82E9290074C0EF /* Build configuration list for PBXProject "HumanEngineIOS" */ = {
			isa = XCConfigurationList;
			buildConfigurations = (
				5410D5A92F82E92A0074C0EF /* Debug */,
				5410D5AA2F82E92A0074C0EF /* Release */,
			);
			defaultConfigurationIsVisible = 0;
			defaultConfigurationName = Release;
		};
		5410D5AB2F82E92A0074C0EF /* Build configuration list for PBXNativeTarget "HumanEngineIOS" */ = {
			isa = XCConfigurationList;
			buildConfigurations = (
				5410D5AC2F82E92A0074C0EF /* Debug */,
				5410D5AD2F82E92A0074C0EF /* Release */,
			);
			defaultConfigurationIsVisible = 0;
			defaultConfigurationName = Release;
		};
/* End XCConfigurationList section */
	};
	rootObject = 5410D5982F82E9290074C0EF /* Project object */;
}
